<?xml version="1.0" encoding="utf-8"?>
<Project ToolsVersion="4.0" xmlns="http://schemas.microsoft.com/developer/msbuild/2003">
  <ItemGroup>
    <ApplicationDefinition Include="App.xaml" />
  </ItemGroup>
  <ItemGroup>
    <Page Include="MainWindow.xaml" />
    <Page Include="AlgorithmCardControl.xaml">
      <Filter>Controls</Filter>
    </Page>
    <Page Include="AnalyticsChartControl.xaml">
      <Filter>Controls</Filter>
    </Page>
    <Page Include="HeaderControl.xaml">
      <Filter>Controls</Filter>
    </Page>
    <Page Include="SidebarControl.xaml">
      <Filter>Controls</Filter>
    </Page>
  </ItemGroup>
  <ItemGroup>
    <Midl Include="MainWindow.idl" />
  </ItemGroup>
  <ItemGroup>
    <ClCompile Include="pch.cpp" />
    <ClCompile Include="$(GeneratedFilesDir)module.g.cpp" />
    <ClCompile Include="DataGenerator.cpp">
      <Filter>DataAnalytics</Filter>
    </ClCompile>
    <ClCompile Include="BubbleSortStepper.cpp">
      <Filter>Core</Filter>
    </ClCompile>
    <ClCompile Include="InsertionSortStepper.cpp">
      <Filter>Core</Filter>
    </ClCompile>
    <ClCompile Include="ShellSortStepper.cpp">
      <Filter>Core</Filter>
    </ClCompile>
    <ClCompile Include="QuickSortStepper.cpp">
      <Filter>Core</Filter>
    </ClCompile>
    <ClCompile Include="MergeSortStepper.cpp">
      <Filter>Core</Filter>
    </ClCompile>
  </ItemGroup>
  <ItemGroup>
    <ClInclude Include="pch.h" />
    <ClInclude Include="DataGenerator.h">
      <Filter>DataAnalytics</Filter>
    </ClInclude>
    <ClInclude Include="ISortStepper.h">
      <Filter>Core</Filter>
    </ClInclude>
    <ClInclude Include="BubbleSortStepper.h">
      <Filter>Core</Filter>
    </ClInclude>
    <ClInclude Include="InsertionSortStepper.h">
      <Filter>Core</Filter>
    </ClInclude>
    <ClInclude Include="ShellSortStepper.h">
      <Filter>Core</Filter>
    </ClInclude>
    <ClInclude Include="QuickSortStepper.h">
      <Filter>Core</Filter>
    </ClInclude>
    <ClInclude Include="MergeSortStepper.h">
      <Filter>Core</Filter>
    </ClInclude>
  </ItemGroup>
  <ItemGroup>
    <Image Include="Assets\Wide310x150Logo.scale-200.png">
      <Filter>Assets</Filter>
    </Image>
    <Image Include="Assets\StoreLogo.png">
      <Filter>Assets</Filter>
    </Image>
    <Image Include="Assets\Square150x150Logo.scale-200.png">
      <Filter>Assets</Filter>
    </Image>
    <Image Include="Assets\Square44x44Logo.targetsize-24_altform-unplated.png">
      <Filter>Assets</Filter>
    </Image>
    <Image Include="Assets\Square44x44Logo.scale-200.png">
      <Filter>Assets</Filter>
    </Image>
    <Image Include="Assets\SplashScreen.scale-200.png">
      <Filter>Assets</Filter>
    </Image>
    <Image Include="Assets\LockScreenLogo.scale-200.png">
      <Filter>Assets</Filter>
    </Image>
  </ItemGroup>
  <ItemGroup>
    <Filter Include="Assets">
      <UniqueIdentifier>{fbe7c152-ab91-4b93-a607-de9e7736cc60}</UniqueIdentifier>
    </Filter>
    <Filter Include="Controls">
      <UniqueIdentifier>{3cc762a5-9c5c-46ae-b13c-f272bf4ae6bf}</UniqueIdentifier>
    </Filter>
    <Filter Include="Core">
      <UniqueIdentifier>{869caf97-88e8-464f-ab49-2f78f989b668}</UniqueIdentifier>
    </Filter>
    <Filter Include="DataAnalytics">
      <UniqueIdentifier>{5dd4746f-192c-424c-bced-77c6ddb63d7a}</UniqueIdentifier>
    </Filter>
  </ItemGroup>
  <ItemGroup>
    <Text Include="readme.txt" />
  </ItemGroup>
  <ItemGroup>
    <Manifest Include="app.manifest" />
  </ItemGroup>
  <ItemGroup>
    <AppxManifest Include="Package.appxmanifest" />
  </ItemGroup>
  <ItemGroup>
    <None Include="packages.config" />
  </ItemGroup>
  <ItemGroup>
    <Natvis Include="$(MSBuildThisFileDirectory)..\..\natvis\wil.natvis" />
    <Natvis Include="$(MSBuildThisFileDirectory)..\..\natvis\wil.natstepfilter" />
  </ItemGroup>
</Project>